
Microsoft Visual Studio Solution File, Format Version 12.00
# Visual Studio 2013
VisualStudioVersion = 12.0.30501.0
MinimumVisualStudioVersion = 10.0.40219.1
Project("{8BC9CEB8-8B4A-11D0-8D11-00A0C91BC942}") = "Application", "Application\Application.vcxproj", "{7F3313DC-157F-4FD3-81F1-F918848BBCEE}"
EndProject
Project("{8BC9CEB8-8B4A-11D0-8D11-00A0C91BC942}") = "Engine", "Engine\Engine.vcxproj", "{56E2C751-A07C-49D7-9073-839A5D0A71D2}"
EndProject
Project("{8BC9CEB8-8B4A-11D0-8D11-00A0C91BC942}") = "CommonUtilities", "CommonUtilities\CommonUtilities.vcxproj", "{CF69D483-5BF1-4673-99E2-C04B953CA73C}"
EndProject
Project("{8BC9CEB8-8B4A-11D0-8D11-00A0C91BC942}") = "DL_Debug", "DL_Debug\DL_Debug.vcxproj", "{79D52050-1454-49C9-9186-AB74C959970E}"
EndProject
Project("{8BC9CEB8-8B4A-11D0-8D11-00A0C91BC942}") = "InputWrapper", "InputWrapper\InputWrapper.vcxproj", "{E6BD4153-64BE-4109-8D3C-724BAADAB8AF}"
EndProject
Project("{8BC9CEB8-8B4A-11D0-8D11-00A0C91BC942}") = "Timer", "Timer\Timer.vcxproj", "{62C9B6F1-E90E-49C7-B0C6-3809FCA2065D}"
EndProject
Project("{FAE04EC0-301F-11D3-BF4B-00C04F79EFBC}") = "Launcher", "Launcher\Launcher.csproj", "{A6FF485B-C021-486E-BEA3-2CB4E4CBB0A1}"
EndProject
Project("{8BC9CEB8-8B4A-11D0-8D11-00A0C91BC942}") = "Game", "Game\Game.vcxproj", "{040C55CC-94AC-4543-A75B-B121AC5AF085}"
EndProject
Global
	GlobalSection(SolutionConfigurationPlatforms) = preSolution
		Debug|Any CPU = Debug|Any CPU
		Debug|Mixed Platforms = Debug|Mixed Platforms
		Debug|Win32 = Debug|Win32
		DLL_Release|Any CPU = DLL_Release|Any CPU
		DLL_Release|Mixed Platforms = DLL_Release|Mixed Platforms
		DLL_Release|Win32 = DLL_Release|Win32
		Release|Any CPU = Release|Any CPU
		Release|Mixed Platforms = Release|Mixed Platforms
		Release|Win32 = Release|Win32
	EndGlobalSection
	GlobalSection(ProjectConfigurationPlatforms) = postSolution
		{7F3313DC-157F-4FD3-81F1-F918848BBCEE}.Debug|Any CPU.ActiveCfg = Debug|Win32
		{7F3313DC-157F-4FD3-81F1-F918848BBCEE}.Debug|Mixed Platforms.ActiveCfg = Debug|Win32
		{7F3313DC-157F-4FD3-81F1-F918848BBCEE}.Debug|Mixed Platforms.Build.0 = Debug|Win32
		{7F3313DC-157F-4FD3-81F1-F918848BBCEE}.Debug|Win32.ActiveCfg = Debug|Win32
		{7F3313DC-157F-4FD3-81F1-F918848BBCEE}.Debug|Win32.Build.0 = Debug|Win32
		{7F3313DC-157F-4FD3-81F1-F918848BBCEE}.DLL_Release|Any CPU.ActiveCfg = Release|Win32
		{7F3313DC-157F-4FD3-81F1-F918848BBCEE}.DLL_Release|Mixed Platforms.ActiveCfg = Release|Win32
		{7F3313DC-157F-4FD3-81F1-F918848BBCEE}.DLL_Release|Win32.ActiveCfg = Release|Win32
		{7F3313DC-157F-4FD3-81F1-F918848BBCEE}.DLL_Release|Win32.Build.0 = Release|Win32
		{7F3313DC-157F-4FD3-81F1-F918848BBCEE}.Release|Any CPU.ActiveCfg = Release|Win32
		{7F3313DC-157F-4FD3-81F1-F918848BBCEE}.Release|Mixed Platforms.ActiveCfg = Release|Win32
		{7F3313DC-157F-4FD3-81F1-F918848BBCEE}.Release|Mixed Platforms.Build.0 = Release|Win32
		{7F3313DC-157F-4FD3-81F1-F918848BBCEE}.Release|Win32.ActiveCfg = Release|Win32
		{7F3313DC-157F-4FD3-81F1-F918848BBCEE}.Release|Win32.Build.0 = Release|Win32
		{56E2C751-A07C-49D7-9073-839A5D0A71D2}.Debug|Any CPU.ActiveCfg = Debug|Win32
		{56E2C751-A07C-49D7-9073-839A5D0A71D2}.Debug|Mixed Platforms.ActiveCfg = Debug|Win32
		{56E2C751-A07C-49D7-9073-839A5D0A71D2}.Debug|Mixed Platforms.Build.0 = Debug|Win32
		{56E2C751-A07C-49D7-9073-839A5D0A71D2}.Debug|Win32.ActiveCfg = Debug|Win32
		{56E2C751-A07C-49D7-9073-839A5D0A71D2}.Debug|Win32.Build.0 = Debug|Win32
		{56E2C751-A07C-49D7-9073-839A5D0A71D2}.DLL_Release|Any CPU.ActiveCfg = Release|Win32
		{56E2C751-A07C-49D7-9073-839A5D0A71D2}.DLL_Release|Mixed Platforms.ActiveCfg = Release|Win32
		{56E2C751-A07C-49D7-9073-839A5D0A71D2}.DLL_Release|Mixed Platforms.Build.0 = Release|Win32
		{56E2C751-A07C-49D7-9073-839A5D0A71D2}.DLL_Release|Win32.ActiveCfg = Release|Win32
		{56E2C751-A07C-49D7-9073-839A5D0A71D2}.DLL_Release|Win32.Build.0 = Release|Win32
		{56E2C751-A07C-49D7-9073-839A5D0A71D2}.Release|Any CPU.ActiveCfg = Release|Win32
		{56E2C751-A07C-49D7-9073-839A5D0A71D2}.Release|Mixed Platforms.ActiveCfg = Release|Win32
		{56E2C751-A07C-49D7-9073-839A5D0A71D2}.Release|Mixed Platforms.Build.0 = Release|Win32
		{56E2C751-A07C-49D7-9073-839A5D0A71D2}.Release|Win32.ActiveCfg = Release|Win32
		{56E2C751-A07C-49D7-9073-839A5D0A71D2}.Release|Win32.Build.0 = Release|Win32
		{CF69D483-5BF1-4673-99E2-C04B953CA73C}.Debug|Any CPU.ActiveCfg = Debug|Win32
		{CF69D483-5BF1-4673-99E2-C04B953CA73C}.Debug|Mixed Platforms.ActiveCfg = Debug|Win32
		{CF69D483-5BF1-4673-99E2-C04B953CA73C}.Debug|Mixed Platforms.Build.0 = Debug|Win32
		{CF69D483-5BF1-4673-99E2-C04B953CA73C}.Debug|Win32.ActiveCfg = Debug|Win32
		{CF69D483-5BF1-4673-99E2-C04B953CA73C}.Debug|Win32.Build.0 = Debug|Win32
		{CF69D483-5BF1-4673-99E2-C04B953CA73C}.DLL_Release|Any CPU.ActiveCfg = Release|Win32
		{CF69D483-5BF1-4673-99E2-C04B953CA73C}.DLL_Release|Mixed Platforms.ActiveCfg = Release|Win32
		{CF69D483-5BF1-4673-99E2-C04B953CA73C}.DLL_Release|Mixed Platforms.Build.0 = Release|Win32
		{CF69D483-5BF1-4673-99E2-C04B953CA73C}.DLL_Release|Win32.ActiveCfg = Release|Win32
		{CF69D483-5BF1-4673-99E2-C04B953CA73C}.DLL_Release|Win32.Build.0 = Release|Win32
		{CF69D483-5BF1-4673-99E2-C04B953CA73C}.Release|Any CPU.ActiveCfg = Release|Win32
		{CF69D483-5BF1-4673-99E2-C04B953CA73C}.Release|Mixed Platforms.ActiveCfg = Release|Win32
		{CF69D483-5BF1-4673-99E2-C04B953CA73C}.Release|Mixed Platforms.Build.0 = Release|Win32
		{CF69D483-5BF1-4673-99E2-C04B953CA73C}.Release|Win32.ActiveCfg = Release|Win32
		{CF69D483-5BF1-4673-99E2-C04B953CA73C}.Release|Win32.Build.0 = Release|Win32
		{79D52050-1454-49C9-9186-AB74C959970E}.Debug|Any CPU.ActiveCfg = Debug|Win32
		{79D52050-1454-49C9-9186-AB74C959970E}.Debug|Mixed Platforms.ActiveCfg = Debug|Win32
		{79D52050-1454-49C9-9186-AB74C959970E}.Debug|Mixed Platforms.Build.0 = Debug|Win32
		{79D52050-1454-49C9-9186-AB74C959970E}.Debug|Win32.ActiveCfg = Debug|Win32
		{79D52050-1454-49C9-9186-AB74C959970E}.Debug|Win32.Build.0 = Debug|Win32
		{79D52050-1454-49C9-9186-AB74C959970E}.DLL_Release|Any CPU.ActiveCfg = Release|Win32
		{79D52050-1454-49C9-9186-AB74C959970E}.DLL_Release|Mixed Platforms.ActiveCfg = Release|Win32
		{79D52050-1454-49C9-9186-AB74C959970E}.DLL_Release|Mixed Platforms.Build.0 = Release|Win32
		{79D52050-1454-49C9-9186-AB74C959970E}.DLL_Release|Win32.ActiveCfg = Release|Win32
		{79D52050-1454-49C9-9186-AB74C959970E}.DLL_Release|Win32.Build.0 = Release|Win32
		{79D52050-1454-49C9-9186-AB74C959970E}.Release|Any CPU.ActiveCfg = Release|Win32
		{79D52050-1454-49C9-9186-AB74C959970E}.Release|Mixed Platforms.ActiveCfg = Release|Win32
		{79D52050-1454-49C9-9186-AB74C959970E}.Release|Mixed Platforms.Build.0 = Release|Win32
		{79D52050-1454-49C9-9186-AB74C959970E}.Release|Win32.ActiveCfg = Release|Win32
		{79D52050-1454-49C9-9186-AB74C959970E}.Release|Win32.Build.0 = Release|Win32
		{E6BD4153-64BE-4109-8D3C-724BAADAB8AF}.Debug|Any CPU.ActiveCfg = Debug|Win32
		{E6BD4153-64BE-4109-8D3C-724BAADAB8AF}.Debug|Mixed Platforms.ActiveCfg = Debug|Win32
		{E6BD4153-64BE-4109-8D3C-724BAADAB8AF}.Debug|Mixed Platforms.Build.0 = Debug|Win32
		{E6BD4153-64BE-4109-8D3C-724BAADAB8AF}.Debug|Win32.ActiveCfg = Debug|Win32
		{E6BD4153-64BE-4109-8D3C-724BAADAB8AF}.Debug|Win32.Build.0 = Debug|Win32
		{E6BD4153-64BE-4109-8D3C-724BAADAB8AF}.DLL_Release|Any CPU.ActiveCfg = Release|Win32
		{E6BD4153-64BE-4109-8D3C-724BAADAB8AF}.DLL_Release|Mixed Platforms.ActiveCfg = Release|Win32
		{E6BD4153-64BE-4109-8D3C-724BAADAB8AF}.DLL_Release|Mixed Platforms.Build.0 = Release|Win32
		{E6BD4153-64BE-4109-8D3C-724BAADAB8AF}.DLL_Release|Win32.ActiveCfg = Release|Win32
		{E6BD4153-64BE-4109-8D3C-724BAADAB8AF}.DLL_Release|Win32.Build.0 = Release|Win32
		{E6BD4153-64BE-4109-8D3C-724BAADAB8AF}.Release|Any CPU.ActiveCfg = Release|Win32
		{E6BD4153-64BE-4109-8D3C-724BAADAB8AF}.Release|Mixed Platforms.ActiveCfg = Release|Win32
		{E6BD4153-64BE-4109-8D3C-724BAADAB8AF}.Release|Mixed Platforms.Build.0 = Release|Win32
		{E6BD4153-64BE-4109-8D3C-724BAADAB8AF}.Release|Win32.ActiveCfg = Release|Win32
		{E6BD4153-64BE-4109-8D3C-724BAADAB8AF}.Release|Win32.Build.0 = Release|Win32
		{62C9B6F1-E90E-49C7-B0C6-3809FCA2065D}.Debug|Any CPU.ActiveCfg = Debug|Win32
		{62C9B6F1-E90E-49C7-B0C6-3809FCA2065D}.Debug|Mixed Platforms.ActiveCfg = Debug|Win32
		{62C9B6F1-E90E-49C7-B0C6-3809FCA2065D}.Debug|Mixed Platforms.Build.0 = Debug|Win32
		{62C9B6F1-E90E-49C7-B0C6-3809FCA2065D}.Debug|Win32.ActiveCfg = Debug|Win32
		{62C9B6F1-E90E-49C7-B0C6-3809FCA2065D}.Debug|Win32.Build.0 = Debug|Win32
		{62C9B6F1-E90E-49C7-B0C6-3809FCA2065D}.DLL_Release|Any CPU.ActiveCfg = Release|Win32
		{62C9B6F1-E90E-49C7-B0C6-3809FCA2065D}.DLL_Release|Mixed Platforms.ActiveCfg = Release|Win32
		{62C9B6F1-E90E-49C7-B0C6-3809FCA2065D}.DLL_Release|Mixed Platforms.Build.0 = Release|Win32
		{62C9B6F1-E90E-49C7-B0C6-3809FCA2065D}.DLL_Release|Win32.ActiveCfg = Release|Win32
		{62C9B6F1-E90E-49C7-B0C6-3809FCA2065D}.DLL_Release|Win32.Build.0 = Release|Win32
		{62C9B6F1-E90E-49C7-B0C6-3809FCA2065D}.Release|Any CPU.ActiveCfg = Release|Win32
		{62C9B6F1-E90E-49C7-B0C6-3809FCA2065D}.Release|Mixed Platforms.ActiveCfg = Release|Win32
		{62C9B6F1-E90E-49C7-B0C6-3809FCA2065D}.Release|Mixed Platforms.Build.0 = Release|Win32
		{62C9B6F1-E90E-49C7-B0C6-3809FCA2065D}.Release|Win32.ActiveCfg = Release|Win32
		{62C9B6F1-E90E-49C7-B0C6-3809FCA2065D}.Release|Win32.Build.0 = Release|Win32
		{A6FF485B-C021-486E-BEA3-2CB4E4CBB0A1}.Debug|Any CPU.ActiveCfg = Debug|Any CPU
		{A6FF485B-C021-486E-BEA3-2CB4E4CBB0A1}.Debug|Any CPU.Build.0 = Debug|Any CPU
		{A6FF485B-C021-486E-BEA3-2CB4E4CBB0A1}.Debug|Mixed Platforms.ActiveCfg = Debug|Any CPU
		{A6FF485B-C021-486E-BEA3-2CB4E4CBB0A1}.Debug|Mixed Platforms.Build.0 = Debug|Any CPU
		{A6FF485B-C021-486E-BEA3-2CB4E4CBB0A1}.Debug|Win32.ActiveCfg = Debug|Any CPU
		{A6FF485B-C021-486E-BEA3-2CB4E4CBB0A1}.DLL_Release|Any CPU.ActiveCfg = Release|Any CPU
		{A6FF485B-C021-486E-BEA3-2CB4E4CBB0A1}.DLL_Release|Any CPU.Build.0 = Release|Any CPU
		{A6FF485B-C021-486E-BEA3-2CB4E4CBB0A1}.DLL_Release|Mixed Platforms.ActiveCfg = Release|Any CPU
		{A6FF485B-C021-486E-BEA3-2CB4E4CBB0A1}.DLL_Release|Win32.ActiveCfg = Release|Any CPU
		{A6FF485B-C021-486E-BEA3-2CB4E4CBB0A1}.Release|Any CPU.ActiveCfg = Release|Any CPU
		{A6FF485B-C021-486E-BEA3-2CB4E4CBB0A1}.Release|Any CPU.Build.0 = Release|Any CPU
		{A6FF485B-C021-486E-BEA3-2CB4E4CBB0A1}.Release|Mixed Platforms.ActiveCfg = Release|Any CPU
		{A6FF485B-C021-486E-BEA3-2CB4E4CBB0A1}.Release|Mixed Platforms.Build.0 = Release|Any CPU
		{A6FF485B-C021-486E-BEA3-2CB4E4CBB0A1}.Release|Win32.ActiveCfg = Release|Any CPU
		{040C55CC-94AC-4543-A75B-B121AC5AF085}.Debug|Any CPU.ActiveCfg = Debug|Win32
		{040C55CC-94AC-4543-A75B-B121AC5AF085}.Debug|Mixed Platforms.ActiveCfg = Debug|Win32
		{040C55CC-94AC-4543-A75B-B121AC5AF085}.Debug|Mixed Platforms.Build.0 = Debug|Win32
		{040C55CC-94AC-4543-A75B-B121AC5AF085}.Debug|Win32.ActiveCfg = Debug|Win32
		{040C55CC-94AC-4543-A75B-B121AC5AF085}.Debug|Win32.Build.0 = Debug|Win32
		{040C55CC-94AC-4543-A75B-B121AC5AF085}.DLL_Release|Any CPU.ActiveCfg = Release|Win32
		{040C55CC-94AC-4543-A75B-B121AC5AF085}.DLL_Release|Mixed Platforms.ActiveCfg = Release|Win32
		{040C55CC-94AC-4543-A75B-B121AC5AF085}.DLL_Release|Mixed Platforms.Build.0 = Release|Win32
		{040C55CC-94AC-4543-A75B-B121AC5AF085}.DLL_Release|Win32.ActiveCfg = Release|Win32
		{040C55CC-94AC-4543-A75B-B121AC5AF085}.DLL_Release|Win32.Build.0 = Release|Win32
		{040C55CC-94AC-4543-A75B-B121AC5AF085}.Release|Any CPU.ActiveCfg = Release|Win32
		{040C55CC-94AC-4543-A75B-B121AC5AF085}.Release|Mixed Platforms.ActiveCfg = Release|Win32
		{040C55CC-94AC-4543-A75B-B121AC5AF085}.Release|Mixed Platforms.Build.0 = Release|Win32
		{040C55CC-94AC-4543-A75B-B121AC5AF085}.Release|Win32.ActiveCfg = Release|Win32
		{040C55CC-94AC-4543-A75B-B121AC5AF085}.Release|Win32.Build.0 = Release|Win32
	EndGlobalSection
	GlobalSection(SolutionProperties) = preSolution
		HideSolutionNode = FALSE
	EndGlobalSection
EndGlobal
